// !$*UTF8*$!
{
	archiveVersion = 1;
	objectVersion = 56;
	objects = {
		13B07F941A680F5B00A75B9A /* Debug */ = {
			isa = XCBuildConfiguration;
			buildSettings = {
				INFOPLIST_FILE = App/Info.plist;
				PRODUCT_BUNDLE_IDENTIFIER = com.example.bare;
				PRODUCT_NAME = App;
			};
			name = Debug;
		};
		13B07F951A680F5B00A75B9A /* Release */ = {
			isa = XCBuildConfiguration;
			buildSettings = {
				INFOPLIST_FILE = App/Info.plist;
				PRODUCT_BUNDLE_IDENTIFIER = com.example.bare;
				PRODUCT_NAME = App;
			};
			name = Release;
		};
	};
	rootObject = 83CBB9F71A601CBA00E9B192 /* Project object */;
}
